<?xml version="1.0" encoding="UTF-8"?>
<Solution>
	<Configurations>
		<BuildType Name="Debug"/>
		<BuildType Name="Release"/>
		<BuildType Name="MinSizeRel"/>
		<BuildType Name="RelWithDebInfo"/>
		<Platform Name="x64"/>
	</Configurations>
	<Project Path="ALL_BUILD.vcxproj" Type="8bc9ceb8-8b4a-11d0-8d11-00a0c91bc942" Id="093f7fcb-5078-3ff1-8ce6-7ee6f424535e" DefaultStartup="true">
		<BuildDependency Project="ZERO_CHECK.vcxproj"/>
		<BuildDependency Project="test_simple_no_gtest.vcxproj"/>
		<Build Solution="Debug|*" Project="false"/>
		<Build Solution="Release|*" Project="false"/>
		<Build Solution="MinSizeRel|*" Project="false"/>
		<Build Solution="RelWithDebInfo|*" Project="false"/>
	</Project>
	<Project Path="ZERO_CHECK.vcxproj" Type="8bc9ceb8-8b4a-11d0-8d11-00a0c91bc942" Id="9fd6ce37-0781-3c58-9b6b-f362fd1adbc2"/>
	<Project Path="test_simple_no_gtest.vcxproj" Type="8bc9ceb8-8b4a-11d0-8d11-00a0c91bc942" Id="396796e1-3c71-3bb2-b4e0-9130ea6b67cf">
		<BuildDependency Project="ZERO_CHECK.vcxproj"/>
	</Project>
</Solution>
